// !$*UTF8*$!
{
	archiveVersion = 1;
	classes = {
	};
	objectVersion = 48;
	objects = {

/* Begin PBXBuildFile section */
		687BD2EF20495D8A00E8E77F /* AppDelegate.swift in Sources */ = {isa = PBXBuildFile; fileRef = 687BD2EE20495D8A00E8E77F /* AppDelegate.swift */; };
		687BD2F120495D8A00E8E77F /* TodoListViewController.swift in Sources */ = {isa = PBXBuildFile; fileRef = 687BD2F020495D8A00E8E77F /* TodoListViewController.swift */; };
		687BD2F420495D8A00E8E77F /* Main.storyboard in Resources */ = {isa = PBXBuildFile; fileRef = 687BD2F220495D8A00E8E77F /* Main.storyboard */; };
		687BD2F620495D8A00E8E77F /* Assets.xcassets in Resources */ = {isa = PBXBuildFile; fileRef = 687BD2F520495D8A00E8E77F /* Assets.xcassets */; };
		687BD2F920495D8A00E8E77F /* LaunchScreen.storyboard in Resources */ = {isa = PBXBuildFile; fileRef = 687BD2F720495D8A00E8E77F /* LaunchScreen.storyboard */; };
/* End PBXBuildFile section */

/* Begin PBXFileReference section */
		687BD2EB20495D8A00E8E77F /* BeOrganized.app */ = {isa = PBXFileReference; explicitFileType = wrapper.application; includeInIndex = 0; path = BeOrganized.app; sourceTree = BUILT_PRODUCTS_DIR; };
		687BD2EE20495D8A00E8E77F /* AppDelegate.swift */ = {isa = PBXFileReference; lastKnownFileType = sourcecode.swift; path = AppDelegate.swift; sourceTree = "<group>"; };
		687BD2F020495D8A00E8E77F /* TodoListViewController.swift */ = {isa = PBXFileReference; lastKnownFileType = sourcecode.swift; path = TodoListViewController.swift; sourceTree = "<group>"; };
		687BD2F320495D8A00E8E77F /* Base */ = {isa = PBXFileReference; lastKnownFileType = file.storyboard; name = Base; path = Base.lproj/Main.storyboard; sourceTree = "<group>"; };
		687BD2F520495D8A00E8E77F /* Assets.xcassets */ = {isa = PBXFileReference; lastKnownFileType = folder.assetcatalog; path = Assets.xcassets; sourceTree = "<group>"; };
		687BD2F820495D8A00E8E77F /* Base */ = {isa = PBXFileReference; lastKnownFileType = file.storyboard; name = Base; path = Base.lproj/LaunchScreen.storyboard; sourceTree = "<group>"; };
		687BD2FA20495D8A00E8E77F /* Info.plist */ = {isa = PBXFileReference; lastKnownFileType = text.plist.xml; path = Info.plist; sourceTree = "<group>"; };
/* End PBXFileReference section */

/* Begin PBXFrameworksBuildPhase section */
		687BD2E820495D8A00E8E77F /* Frameworks */ = {
			isa = PBXFrameworksBuildPhase;
			buildActionMask = 2147483647;
			files = (
			);
			runOnlyForDeploymentPostprocessing = 0;
		};
/* End PBXFrameworksBuildPhase section */

/* Begin PBXGroup section */
		687BD2E220495D8A00E8E77F = {
			isa = PBXGroup;
			children = (
				687BD2ED20495D8A00E8E77F /* BeOrganized */,
				687BD2EC20495D8A00E8E77F /* Products */,
			);
			sourceTree = "<group>";
		};
		687BD2EC20495D8A00E8E77F /* Products */ = {
			isa = PBXGroup;
			children = (
				687BD2EB20495D8A00E8E77F /* BeOrganized.app */,
			);
			name = Products;
			sourceTree = "<group>";
		};
		687BD2ED20495D8A00E8E77F /* BeOrganized */ = {
			isa = PBXGroup;
			children = (
				687BD2EE20495D8A00E8E77F /* AppDelegate.swift */,
				687BD2F020495D8A00E8E77F /* TodoListViewController.swift */,
				687BD2F220495D8A00E8E77F /* Main.storyboard */,
				687BD2F520495D8A00E8E77F /* Assets.xcassets */,
				687BD2F720495D8A00E8E77F /* LaunchScreen.storyboard */,
				687BD2FA20495D8A00E8E77F /* Info.plist */,
			);
			path = BeOrganized;
			sourceTree = "<group>";
		};
/* End PBXGroup section */

/* Begin PBXNativeTarget section */
		687BD2EA20495D8A00E8E77F /* BeOrganized */ = {
			isa = PBXNativeTarget;
			buildConfigurationList = 687BD2FD20495D8A00E8E77F /* Build configuration list for PBXNativeTarget "BeOrganized" */;
			buildPhases = (
				687BD2E720495D8A00E8E77F /* Sources */,
				687BD2E820495D8A00E8E77F /* Frameworks */,
				687BD2E920495D8A00E8E77F /* Resources */,
			);
			buildRules = (
			);
			dependencies = (
			);
			name = BeOrganized;
			productName = BeOrganized;
			productReference = 687BD2EB20495D8A00E8E77F /* BeOrganized.app */;
			productType = "com.apple.product-type.application";
		};
/* End PBXNativeTarget section */

/* Begin PBXProject section */
		687BD2E320495D8A00E8E77F /* Project object */ = {
			isa = PBXProject;
			attributes = {
				LastSwiftUpdateCheck = 0920;
				LastUpgradeCheck = 0920;
				ORGANIZATIONNAME = "Sharmila Banerjee";
				TargetAttributes = {
					687BD2EA20495D8A00E8E77F = {
						CreatedOnToolsVersion = 9.2;
						ProvisioningStyle = Automatic;
					};
				};
			};
			buildConfigurationList = 687BD2E620495D8A00E8E77F /* Build configuration list for PBXProject "BeOrganized" */;
			compatibilityVersion = "Xcode 8.0";
			developmentRegion = en;
			hasScannedForEncodings = 0;
			knownRegions = (
				en,
				Base,
			);
			mainGroup = 687BD2E220495D8A00E8E77F;
			productRefGroup = 687BD2EC20495D8A00E8E77F /* Products */;
			projectDirPath = "";
			projectRoot = "";
			targets = (
				687BD2EA20495D8A00E8E77F /* BeOrganized */,
			);
		};
/* End PBXProject section */

/* Begin PBXResourcesBuildPhase section */
		687BD2E920495D8A00E8E77F /* Resources */ = {
			isa = PBXResourcesBuildPhase;
			buildActionMask = 2147483647;
			files = (
				687BD2F920495D8A00E8E77F /* LaunchScreen.storyboard in Resources */,
				687BD2F620495D8A00E8E77F /* Assets.xcassets in Resources */,
				687BD2F420495D8A00E8E77F /* Main.storyboard in Resources */,
			);
			runOnlyForDeploymentPostprocessing = 0;
		};
/* End PBXResourcesBuildPhase section */

/* Begin PBXSourcesBuildPhase section */
		687BD2E720495D8A00E8E77F /* Sources */ = {
			isa = PBXSourcesBuildPhase;
			buildActionMask = 2147483647;
			files = (
				687BD2F120495D8A00E8E77F /* TodoListViewController.swift in Sources */,
				687BD2EF20495D8A00E8E77F /* AppDelegate.swift in Sources */,
			);
			runOnlyForDeploymentPostprocessing = 0;
		};
/* End PBXSourcesBuildPhase section */

/* Begin PBXVariantGroup section */
		687BD2F220495D8A00E8E77F /* Main.storyboard */ = {
			isa = PBXVariantGroup;
			children = (
				687BD2F320495D8A00E8E77F /* Base */,
			);
			name = Main.storyboard;
			sourceTree = "<group>";
		};
		687BD2F720495D8A00E8E77F /* LaunchScreen.storyboard */ = {
			isa = PBXVariantGroup;
			children = (
				687BD2F820495D8A00E8E77F /* Base */,
			);
			name = LaunchScreen.storyboard;
			sourceTree = "<group>";
		};
/* End PBXVariantGroup section */

/* Begin XCBuildConfiguration section */
		687BD2FB20495D8A00E8E77F /* Debug */ = {
			isa = XCBuildConfiguration;
			buildSettings = {
				ALWAYS_SEARCH_USER_PATHS = NO;
				CLANG_ANALYZER_NONNULL = YES;
				CLANG_ANALYZER_NUMBER_OBJECT_CONVERSION = YES_AGGRESSIVE;
				CLANG_CXX_LANGUAGE_STANDARD = "gnu++14";
				CLANG_CXX_LIBRARY = "libc++";
				CLANG_ENABLE_MODULES = YES;
				CLANG_ENABLE_OBJC_ARC = YES;
				CLANG_WARN_BLOCK_CAPTURE_AUTORELEASING = YES;
				CLANG_WARN_BOOL_CONVERSION = YES;
				CLANG_WARN_COMMA = YES;
				CLANG_WARN_CONSTANT_CONVERSION = YES;
				CLANG_WARN_DIRECT_OBJC_ISA_USAGE = YES_ERROR;
				CLANG_WARN_DOCUMENTATION_COMMENTS = YES;
				CLANG_WARN_EMPTY_BODY = YES;
				CLANG_WARN_ENUM_CONVERSION = YES;
				CLANG_WARN_INFINITE_RECURSION = YES;
				CLANG_WARN_INT_CONVERSION = YES;
				CLANG_WARN_NON_LITERAL_NULL_CONVERSION = YES;
				CLANG_WARN_OBJC_LITERAL_CONVERSION = YES;
				CLANG_WARN_OBJC_ROOT_CLASS = YES_ERROR;
				CLANG_WARN_RANGE_LOOP_ANALYSIS = YES;
				CLANG_WARN_STRICT_PROTOTYPES = YES;
				CLANG_WARN_SUSPICIOUS_MOVE = YES;
				CLANG_WARN_UNGUARDED_AVAILABILITY = YES_AGGRESSIVE;
				CLANG_WARN_UNREACHABLE_CODE = YES;
				CLANG_WARN__DUPLICATE_METHOD_MATCH = YES;
				CODE_SIGN_IDENTITY = "iPhone Developer";
				COPY_PHASE_STRIP = NO;
				DEBUG_INFORMATION_FORMAT = dwarf;
				ENABLE_STRICT_OBJC_MSGSEND = YES;
				ENABLE_TESTABILITY = YES;
				GCC_C_LANGUAGE_STANDARD = gnu11;
				GCC_DYNAMIC_NO_PIC = NO;
				GCC_NO_COMMON_BLOCKS = YES;
				GCC_OPTIMIZATION_LEVEL = 0;
				GCC_PREPROCESSOR_DEFINITIONS = (
					"DEBUG=1",
					"$(inherited)",
				);
				GCC_WARN_64_TO_32_BIT_CONVERSION = YES;
				GCC_WARN_ABOUT_RETURN_TYPE = YES_ERROR;
				GCC_WARN_UNDECLARED_SELECTOR = YES;
				GCC_WARN_UNINITIALIZED_AUTOS = YES_AGGRESSIVE;
				GCC_WARN_UNUSED_FUNCTION = YES;
				GCC_WARN_UNUSED_VARIABLE = YES;
				IPHONEOS_DEPLOYMENT_TARGET = 11.2;
				MTL_ENABLE_DEBUG_INFO = YES;
				ONLY_ACTIVE_ARCH = YES;
				SDKROOT = iphoneos;
				SWIFT_ACTIVE_COMPILATION_CONDITIONS = DEBUG;
				SWIFT_OPTIMIZATION_LEVEL = "-Onone";
			};
			name = Debug;
		};
		687BD2FC20495D8A00E8E77F /* Release */ = {
			isa = XCBuildConfiguration;
			buildSettings = {
				ALWAYS_SEARCH_USER_PATHS = NO;
				CLANG_ANALYZER_NONNULL = YES;
				CLANG_ANALYZER_NUMBER_OBJECT_CONVERSION = YES_AGGRESSIVE;
				CLANG_CXX_LANGUAGE_STANDARD = "gnu++14";
				CLANG_CXX_LIBRARY = "libc++";
				CLANG_ENABLE_MODULES = YES;
				CLANG_ENABLE_OBJC_ARC = YES;
				CLANG_WARN_BLOCK_CAPTURE_AUTORELEASING = YES;
				CLANG_WARN_BOOL_CONVERSION = YES;
				CLANG_WARN_COMMA = YES;
				CLANG_WARN_CONSTANT_CONVERSION = YES;
				CLANG_WARN_DIRECT_OBJC_ISA_USAGE = YES_ERROR;
				CLANG_WARN_DOCUMENTATION_COMMENTS = YES;
				CLANG_WARN_EMPTY_BODY = YES;
				CLANG_WARN_ENUM_CONVERSION = YES;
				CLANG_WARN_INFINITE_RECURSION = YES;
				CLANG_WARN_INT_CONVERSION = YES;
				CLANG_WARN_NON_LITERAL_NULL_CONVERSION = YES;
				CLANG_WARN_OBJC_LITERAL_CONVERSION = YES;
				CLANG_WARN_OBJC_ROOT_CLASS = YES_ERROR;
				CLANG_WARN_RANGE_LOOP_ANALYSIS = YES;
				CLANG_WARN_STRICT_PROTOTYPES = YES;
				CLANG_WARN_SUSPICIOUS_MOVE = YES;
				CLANG_WARN_UNGUARDED_AVAILABILITY = YES_AGGRESSIVE;
				CLANG_WARN_UNREACHABLE_CODE = YES;
				CLANG_WARN__DUPLICATE_METHOD_MATCH = YES;
				CODE_SIGN_IDENTITY = "iPhone Developer";
				COPY_PHASE_STRIP = NO;
				DEBUG_INFORMATION_FORMAT = "dwarf-with-dsym";
				ENABLE_NS_ASSERTIONS = NO;
				ENABLE_STRICT_OBJC_MSGSEND = YES;
				GCC_C_LANGUAGE_STANDARD = gnu11;
				GCC_NO_COMMON_BLOCKS = YES;
				GCC_WARN_64_TO_32_BIT_CONVERSION = YES;
				GCC_WARN_ABOUT_RETURN_TYPE = YES_ERROR;
				GCC_WARN_UNDECLARED_SELECTOR = YES;
				GCC_WARN_UNINITIALIZED_AUTOS = YES_AGGRESSIVE;
				GCC_WARN_UNUSED_FUNCTION = YES;
				GCC_WARN_UNUSED_VARIABLE = YES;
				IPHONEOS_DEPLOYMENT_TARGET = 11.2;
				MTL_ENABLE_DEBUG_INFO = NO;
				SDKROOT = iphoneos;
				SWIFT_OPTIMIZATION_LEVEL = "-Owholemodule";
				VALIDATE_PRODUCT = YES;
			};
			name = Release;
		};
		687BD2FE20495D8A00E8E77F /* Debug */ = {
			isa = XCBuildConfiguration;
			buildSettings = {
				ASSETCATALOG_COMPILER_APPICON_NAME = AppIcon;
				CODE_SIGN_STYLE = Automatic;
				INFOPLIST_FILE = BeOrganized/Info.plist;
				LD_RUNPATH_SEARCH_PATHS = "$(inherited) @executable_path/Frameworks";
				PRODUCT_BUNDLE_IDENTIFIER = com.sharmilabanerjee.BeOrganized;
				PRODUCT_NAME = "$(TARGET_NAME)";
				SWIFT_VERSION = 4.0;
				TARGETED_DEVICE_FAMILY = "1,2";
			};
			name = Debug;
		};
		687BD2FF20495D8A00E8E77F /* Release */ = {
			isa = XCBuildConfiguration;
			buildSettings = {
				ASSETCATALOG_COMPILER_APPICON_NAME = AppIcon;
				CODE_SIGN_STYLE = Automatic;
				INFOPLIST_FILE = BeOrganized/Info.plist;
				LD_RUNPATH_SEARCH_PATHS = "$(inherited) @executable_path/Frameworks";
				PRODUCT_BUNDLE_IDENTIFIER = com.sharmilabanerjee.BeOrganized;
				PRODUCT_NAME = "$(TARGET_NAME)";
				SWIFT_VERSION = 4.0;
				TARGETED_DEVICE_FAMILY = "1,2";
			};
			name = Release;
		};
/* End XCBuildConfiguration section */

/* Begin XCConfigurationList section */
		687BD2E620495D8A00E8E77F /* Build configuration list for PBXProject "BeOrganized" */ = {
			isa = XCConfigurationList;
			buildConfigurations = (
				687BD2FB20495D8A00E8E77F /* Debug */,
				687BD2FC20495D8A00E8E77F /* Release */,
			);
			defaultConfigurationIsVisible = 0;
			defaultConfigurationName = Release;
		};
		687BD2FD20495D8A00E8E77F /* Build configuration list for PBXNativeTarget "BeOrganized" */ = {
			isa = XCConfigurationList;
			buildConfigurations = (
				687BD2FE20495D8A00E8E77F /* Debug */,
				687BD2FF20495D8A00E8E77F /* Release */,
			);
			defaultConfigurationIsVisible = 0;
			defaultConfigurationName = Release;
		};
/* End XCConfigurationList section */
	};
	rootObject = 687BD2E320495D8A00E8E77F /* Project object */;
}
